// !$*UTF8*$!
{
	archiveVersion = 1;
	classes = {
	};
	objectVersion = 46;
	objects = {

/* Begin PBXBuildFile section */
		260799071C29CB4600B364C8 /* RangeSlider.m in Sources */ = {isa = PBXBuildFile; fileRef = 260799061C29CB4600B364C8 /* RangeSlider.m */; };
		260799091C2B1C3500B364C8 /* MessageUI.framework in Frameworks */ = {isa = PBXBuildFile; fileRef = 260799081C2B1C3500B364C8 /* MessageUI.framework */; };
		260AE88A1C640BA80075A6B1 /* AddImageToProfileVC.m in Sources */ = {isa = PBXBuildFile; fileRef = 260AE8891C640BA80075A6B1 /* AddImageToProfileVC.m */; };
		266451501C5D007B00D98136 /* AddMoreImagesViewController.m in Sources */ = {isa = PBXBuildFile; fileRef = 2664514F1C5D007B00D98136 /* AddMoreImagesViewController.m */; };
		266451531C5D058C00D98136 /* AddImageCell.m in Sources */ = {isa = PBXBuildFile; fileRef = 266451521C5D058C00D98136 /* AddImageCell.m */; };
		266451561C5D424300D98136 /* SwapImagesCV.m in Sources */ = {isa = PBXBuildFile; fileRef = 266451551C5D424300D98136 /* SwapImagesCV.m */; };
		266451591C5D78CB00D98136 /* AlbumCustomCell.m in Sources */ = {isa = PBXBuildFile; fileRef = 266451581C5D78CB00D98136 /* AlbumCustomCell.m */; };
		2664515C1C5D7E2900D98136 /* AlbumDetailCollectionVC.m in Sources */ = {isa = PBXBuildFile; fileRef = 2664515B1C5D7E2900D98136 /* AlbumDetailCollectionVC.m */; };
		266F23E21C5DA1B300A34C0B /* FacebookAlbumsTableVC.m in Sources */ = {isa = PBXBuildFile; fileRef = 266F23E11C5DA1B300A34C0B /* FacebookAlbumsTableVC.m */; };
		266F23E51C5DA24F00A34C0B /* FacebookTableViewCell.m in Sources */ = {isa = PBXBuildFile; fileRef = 266F23E41C5DA24F00A34C0B /* FacebookTableViewCell.m */; };
		266F23E81C5DA75A00A34C0B /* FacebookDetailViewController.m in Sources */ = {isa = PBXBuildFile; fileRef = 266F23E71C5DA75A00A34C0B /* FacebookDetailViewController.m */; };
		266F23EB1C5DB3DF00A34C0B /* FacebookCVCell.m in Sources */ = {isa = PBXBuildFile; fileRef = 266F23EA1C5DB3DF00A34C0B /* FacebookCVCell.m */; };
		266F23EE1C60498300A34C0B /* PreviewUserProfileVC.m in Sources */ = {isa = PBXBuildFile; fileRef = 266F23ED1C60498300A34C0B /* PreviewUserProfileVC.m */; };
		2688C23F1C51D44800F100AA /* FriendEmailViewController.m in Sources */ = {isa = PBXBuildFile; fileRef = 2688C23E1C51D44800F100AA /* FriendEmailViewController.m */; };
		268BA08B1C1DB53F0054414E /* main.m in Sources */ = {isa = PBXBuildFile; fileRef = 268BA08A1C1DB53F0054414E /* main.m */; };
		268BA08E1C1DB53F0054414E /* AppDelegate.m in Sources */ = {isa = PBXBuildFile; fileRef = 268BA08D1C1DB53F0054414E /* AppDelegate.m */; };
		268BA0911C1DB53F0054414E /* ViewController.m in Sources */ = {isa = PBXBuildFile; fileRef = 268BA0901C1DB53F0054414E /* ViewController.m */; };
		268BA0941C1DB53F0054414E /* Main.storyboard in Resources */ = {isa = PBXBuildFile; fileRef = 268BA0921C1DB53F0054414E /* Main.storyboard */; };
		268BA0961C1DB53F0054414E /* Assets.xcassets in Resources */ = {isa = PBXBuildFile; fileRef = 268BA0951C1DB53F0054414E /* Assets.xcassets */; };
		268BA0991C1DB53F0054414E /* LaunchScreen.storyboard in Resources */ = {isa = PBXBuildFile; fileRef = 268BA0971C1DB53F0054414E /* LaunchScreen.storyboard */; };
		268BA0A41C1DB53F0054414E /* PandemosTests.m in Sources */ = {isa = PBXBuildFile; fileRef = 268BA0A31C1DB53F0054414E /* PandemosTests.m */; };
		268BA0AF1C1DB53F0054414E /* PandemosUITests.m in Sources */ = {isa = PBXBuildFile; fileRef = 268BA0AE1C1DB53F0054414E /* PandemosUITests.m */; };
		268BA0C51C21BDF10054414E /* PFLoginViewController.m in Sources */ = {isa = PBXBuildFile; fileRef = 268BA0C41C21BDF10054414E /* PFLoginViewController.m */; };
		268BA1071C25A86C0054414E /* ProfileViewController.m in Sources */ = {isa = PBXBuildFile; fileRef = 268BA1061C25A86C0054414E /* ProfileViewController.m */; };
		268BA10A1C25A8D60054414E /* PreferencesViewController.m in Sources */ = {isa = PBXBuildFile; fileRef = 268BA1091C25A8D60054414E /* PreferencesViewController.m */; };
		268BA10E1C25AFE10054414E /* UserData.m in Sources */ = {isa = PBXBuildFile; fileRef = 268BA10D1C25AFE10054414E /* UserData.m */; };
		268BA1121C26EFA70054414E /* InitialWalkThroughViewController.m in Sources */ = {isa = PBXBuildFile; fileRef = 268BA1111C26EFA70054414E /* InitialWalkThroughViewController.m */; };
		268BA1161C2737170054414E /* CVCell.m in Sources */ = {isa = PBXBuildFile; fileRef = 268BA1151C2737170054414E /* CVCell.m */; };
		26C1E3D61C3194B10020349A /* CoreLocation.framework in Frameworks */ = {isa = PBXBuildFile; fileRef = 26C1E3D51C3194B10020349A /* CoreLocation.framework */; };
		26C1E3D81C31AB590020349A /* MobileCoreServices.framework in Frameworks */ = {isa = PBXBuildFile; fileRef = 26C1E3D71C31AB590020349A /* MobileCoreServices.framework */; };
		26C6B3711C5A88FE00F9EB72 /* SuggestionsViewController.m in Sources */ = {isa = PBXBuildFile; fileRef = 26C6B3701C5A88FE00F9EB72 /* SuggestionsViewController.m */; };
		26CC6A371C7CF31F000F3BAC /* UIColor+Pandemos.m in Sources */ = {isa = PBXBuildFile; fileRef = 26CC6A361C7CF31F000F3BAC /* UIColor+Pandemos.m */; };
		26CC6A3A1C7CF3E1000F3BAC /* PotentialMatch.m in Sources */ = {isa = PBXBuildFile; fileRef = 26CC6A391C7CF3E1000F3BAC /* PotentialMatch.m */; };
		26DBD03E1C4747B700944300 /* MessagingCell.m in Sources */ = {isa = PBXBuildFile; fileRef = 26DBD03D1C4747B700944300 /* MessagingCell.m */; };
		26DBD0411C4748F700944300 /* MessageDetailViewCon.m in Sources */ = {isa = PBXBuildFile; fileRef = 26DBD0401C4748F700944300 /* MessageDetailViewCon.m */; };
		26DBD0441C47FDDC00944300 /* MessageDetailCell.m in Sources */ = {isa = PBXBuildFile; fileRef = 26DBD0431C47FDDC00944300 /* MessageDetailCell.m */; };
		26E3DB8D1C3F4EC700699FA5 /* MessagingViewController.m in Sources */ = {isa = PBXBuildFile; fileRef = 26E3DB8C1C3F4EC700699FA5 /* MessagingViewController.m */; };
		26EC33051C76AFF8009E821D /* FacebookData.m in Sources */ = {isa = PBXBuildFile; fileRef = 26EC33041C76AFF8009E821D /* FacebookData.m */; };
		26EE239B1C42BD7D006F328E /* CVSettingCell.m in Sources */ = {isa = PBXBuildFile; fileRef = 26EE239A1C42BD7D006F328E /* CVSettingCell.m */; };
		26EE239E1C4446AB006F328E /* ChooseImageInitialViewController.m in Sources */ = {isa = PBXBuildFile; fileRef = 26EE239D1C4446AB006F328E /* ChooseImageInitialViewController.m */; };
		26EE23A11C453F47006F328E /* CVImageCell.m in Sources */ = {isa = PBXBuildFile; fileRef = 26EE23A01C453F47006F328E /* CVImageCell.m */; };
		B6D0576735DD6374DE9CF23F /* libPods.a in Frameworks */ = {isa = PBXBuildFile; fileRef = F2E7EAF390F8A69E1F0F90DF /* libPods.a */; };
/* End PBXBuildFile section */

/* Begin PBXContainerItemProxy section */
		268BA0A01C1DB53F0054414E /* PBXContainerItemProxy */ = {
			isa = PBXContainerItemProxy;
			containerPortal = 268BA07E1C1DB53F0054414E /* Project object */;
			proxyType = 1;
			remoteGlobalIDString = 268BA0851C1DB53F0054414E;
			remoteInfo = Pandemos;
		};
		268BA0AB1C1DB53F0054414E /* PBXContainerItemProxy */ = {
			isa = PBXContainerItemProxy;
			containerPortal = 268BA07E1C1DB53F0054414E /* Project object */;
			proxyType = 1;
			remoteGlobalIDString = 268BA0851C1DB53F0054414E;
			remoteInfo = Pandemos;
		};
/* End PBXContainerItemProxy section */

/* Begin PBXFileReference section */
		06C994192A4EB211C11A44D2 /* Pods.debug.xcconfig */ = {isa = PBXFileReference; includeInIndex = 1; lastKnownFileType = text.xcconfig; name = Pods.debug.xcconfig; path = "Pods/Target Support Files/Pods/Pods.debug.xcconfig"; sourceTree = "<group>"; };
		260799051C29CB4600B364C8 /* RangeSlider.h */ = {isa = PBXFileReference; fileEncoding = 4; lastKnownFileType = sourcecode.c.h; path = RangeSlider.h; sourceTree = "<group>"; };
		260799061C29CB4600B364C8 /* RangeSlider.m */ = {isa = PBXFileReference; fileEncoding = 4; lastKnownFileType = sourcecode.c.objc; path = RangeSlider.m; sourceTree = "<group>"; };
		260799081C2B1C3500B364C8 /* MessageUI.framework */ = {isa = PBXFileReference; lastKnownFileType = wrapper.framework; name = MessageUI.framework; path = System/Library/Frameworks/MessageUI.framework; sourceTree = SDKROOT; };
		260AE8881C640BA80075A6B1 /* AddImageToProfileVC.h */ = {isa = PBXFileReference; fileEncoding = 4; lastKnownFileType = sourcecode.c.h; path = AddImageToProfileVC.h; sourceTree = "<group>"; };
		260AE8891C640BA80075A6B1 /* AddImageToProfileVC.m */ = {isa = PBXFileReference; fileEncoding = 4; lastKnownFileType = sourcecode.c.objc; path = AddImageToProfileVC.m; sourceTree = "<group>"; };
		2664514E1C5D007B00D98136 /* AddMoreImagesViewController.h */ = {isa = PBXFileReference; fileEncoding = 4; lastKnownFileType = sourcecode.c.h; path = AddMoreImagesViewController.h; sourceTree = "<group>"; };
		2664514F1C5D007B00D98136 /* AddMoreImagesViewController.m */ = {isa = PBXFileReference; fileEncoding = 4; lastKnownFileType = sourcecode.c.objc; path = AddMoreImagesViewController.m; sourceTree = "<group>"; };
		266451511C5D058C00D98136 /* AddImageCell.h */ = {isa = PBXFileReference; fileEncoding = 4; lastKnownFileType = sourcecode.c.h; path = AddImageCell.h; sourceTree = "<group>"; };
		266451521C5D058C00D98136 /* AddImageCell.m */ = {isa = PBXFileReference; fileEncoding = 4; lastKnownFileType = sourcecode.c.objc; path = AddImageCell.m; sourceTree = "<group>"; };
		266451541C5D424300D98136 /* SwapImagesCV.h */ = {isa = PBXFileReference; fileEncoding = 4; lastKnownFileType = sourcecode.c.h; path = SwapImagesCV.h; sourceTree = "<group>"; };
		266451551C5D424300D98136 /* SwapImagesCV.m */ = {isa = PBXFileReference; fileEncoding = 4; lastKnownFileType = sourcecode.c.objc; path = SwapImagesCV.m; sourceTree = "<group>"; };
		266451571C5D78CB00D98136 /* AlbumCustomCell.h */ = {isa = PBXFileReference; fileEncoding = 4; lastKnownFileType = sourcecode.c.h; path = AlbumCustomCell.h; sourceTree = "<group>"; };
		266451581C5D78CB00D98136 /* AlbumCustomCell.m */ = {isa = PBXFileReference; fileEncoding = 4; lastKnownFileType = sourcecode.c.objc; path = AlbumCustomCell.m; sourceTree = "<group>"; };
		2664515A1C5D7E2900D98136 /* AlbumDetailCollectionVC.h */ = {isa = PBXFileReference; fileEncoding = 4; lastKnownFileType = sourcecode.c.h; path = AlbumDetailCollectionVC.h; sourceTree = "<group>"; };
		2664515B1C5D7E2900D98136 /* AlbumDetailCollectionVC.m */ = {isa = PBXFileReference; fileEncoding = 4; lastKnownFileType = sourcecode.c.objc; path = AlbumDetailCollectionVC.m; sourceTree = "<group>"; };
		266F23E01C5DA1B300A34C0B /* FacebookAlbumsTableVC.h */ = {isa = PBXFileReference; fileEncoding = 4; lastKnownFileType = sourcecode.c.h; path = FacebookAlbumsTableVC.h; sourceTree = "<group>"; };
		266F23E11C5DA1B300A34C0B /* FacebookAlbumsTableVC.m */ = {isa = PBXFileReference; fileEncoding = 4; lastKnownFileType = sourcecode.c.objc; path = FacebookAlbumsTableVC.m; sourceTree = "<group>"; };
		266F23E31C5DA24F00A34C0B /* FacebookTableViewCell.h */ = {isa = PBXFileReference; fileEncoding = 4; lastKnownFileType = sourcecode.c.h; path = FacebookTableViewCell.h; sourceTree = "<group>"; };
		266F23E41C5DA24F00A34C0B /* FacebookTableViewCell.m */ = {isa = PBXFileReference; fileEncoding = 4; lastKnownFileType = sourcecode.c.objc; path = FacebookTableViewCell.m; sourceTree = "<group>"; };
		266F23E61C5DA75A00A34C0B /* FacebookDetailViewController.h */ = {isa = PBXFileReference; fileEncoding = 4; lastKnownFileType = sourcecode.c.h; path = FacebookDetailViewController.h; sourceTree = "<group>"; };
		266F23E71C5DA75A00A34C0B /* FacebookDetailViewController.m */ = {isa = PBXFileReference; fileEncoding = 4; lastKnownFileType = sourcecode.c.objc; path = FacebookDetailViewController.m; sourceTree = "<group>"; };
		266F23E91C5DB3DF00A34C0B /* FacebookCVCell.h */ = {isa = PBXFileReference; fileEncoding = 4; lastKnownFileType = sourcecode.c.h; path = FacebookCVCell.h; sourceTree = "<group>"; };
		266F23EA1C5DB3DF00A34C0B /* FacebookCVCell.m */ = {isa = PBXFileReference; fileEncoding = 4; lastKnownFileType = sourcecode.c.objc; path = FacebookCVCell.m; sourceTree = "<group>"; };
		266F23EC1C60498200A34C0B /* PreviewUserProfileVC.h */ = {isa = PBXFileReference; fileEncoding = 4; lastKnownFileType = sourcecode.c.h; path = PreviewUserProfileVC.h; sourceTree = "<group>"; };
		266F23ED1C60498300A34C0B /* PreviewUserProfileVC.m */ = {isa = PBXFileReference; fileEncoding = 4; lastKnownFileType = sourcecode.c.objc; path = PreviewUserProfileVC.m; sourceTree = "<group>"; };
		2688C23D1C51D44800F100AA /* FriendEmailViewController.h */ = {isa = PBXFileReference; fileEncoding = 4; lastKnownFileType = sourcecode.c.h; path = FriendEmailViewController.h; sourceTree = "<group>"; };
		2688C23E1C51D44800F100AA /* FriendEmailViewController.m */ = {isa = PBXFileReference; fileEncoding = 4; lastKnownFileType = sourcecode.c.objc; path = FriendEmailViewController.m; sourceTree = "<group>"; };
		268BA0861C1DB53F0054414E /* Pandemos.app */ = {isa = PBXFileReference; explicitFileType = wrapper.application; includeInIndex = 0; path = Pandemos.app; sourceTree = BUILT_PRODUCTS_DIR; };
		268BA08A1C1DB53F0054414E /* main.m */ = {isa = PBXFileReference; lastKnownFileType = sourcecode.c.objc; path = main.m; sourceTree = "<group>"; };
		268BA08C1C1DB53F0054414E /* AppDelegate.h */ = {isa = PBXFileReference; lastKnownFileType = sourcecode.c.h; path = AppDelegate.h; sourceTree = "<group>"; };
		268BA08D1C1DB53F0054414E /* AppDelegate.m */ = {isa = PBXFileReference; lastKnownFileType = sourcecode.c.objc; path = AppDelegate.m; sourceTree = "<group>"; };
		268BA08F1C1DB53F0054414E /* ViewController.h */ = {isa = PBXFileReference; lastKnownFileType = sourcecode.c.h; path = ViewController.h; sourceTree = "<group>"; };
		268BA0901C1DB53F0054414E /* ViewController.m */ = {isa = PBXFileReference; lastKnownFileType = sourcecode.c.objc; path = ViewController.m; sourceTree = "<group>"; };
		268BA0931C1DB53F0054414E /* Base */ = {isa = PBXFileReference; lastKnownFileType = file.storyboard; name = Base; path = Base.lproj/Main.storyboard; sourceTree = "<group>"; };
		268BA0951C1DB53F0054414E /* Assets.xcassets */ = {isa = PBXFileReference; lastKnownFileType = folder.assetcatalog; path = Assets.xcassets; sourceTree = "<group>"; };
		268BA0981C1DB53F0054414E /* Base */ = {isa = PBXFileReference; lastKnownFileType = file.storyboard; name = Base; path = Base.lproj/LaunchScreen.storyboard; sourceTree = "<group>"; };
		268BA09A1C1DB53F0054414E /* Info.plist */ = {isa = PBXFileReference; lastKnownFileType = text.plist.xml; path = Info.plist; sourceTree = "<group>"; };
		268BA09F1C1DB53F0054414E /* PandemosTests.xctest */ = {isa = PBXFileReference; explicitFileType = wrapper.cfbundle; includeInIndex = 0; path = PandemosTests.xctest; sourceTree = BUILT_PRODUCTS_DIR; };
		268BA0A31C1DB53F0054414E /* PandemosTests.m */ = {isa = PBXFileReference; lastKnownFileType = sourcecode.c.objc; path = PandemosTests.m; sourceTree = "<group>"; };
		268BA0A51C1DB53F0054414E /* Info.plist */ = {isa = PBXFileReference; lastKnownFileType = text.plist.xml; path = Info.plist; sourceTree = "<group>"; };
		268BA0AA1C1DB53F0054414E /* PandemosUITests.xctest */ = {isa = PBXFileReference; explicitFileType = wrapper.cfbundle; includeInIndex = 0; path = PandemosUITests.xctest; sourceTree = BUILT_PRODUCTS_DIR; };
		268BA0AE1C1DB53F0054414E /* PandemosUITests.m */ = {isa = PBXFileReference; lastKnownFileType = sourcecode.c.objc; path = PandemosUITests.m; sourceTree = "<group>"; };
		268BA0B01C1DB53F0054414E /* Info.plist */ = {isa = PBXFileReference; lastKnownFileType = text.plist.xml; path = Info.plist; sourceTree = "<group>"; };
		268BA0C31C21BDF10054414E /* PFLoginViewController.h */ = {isa = PBXFileReference; fileEncoding = 4; lastKnownFileType = sourcecode.c.h; path = PFLoginViewController.h; sourceTree = "<group>"; };
		268BA0C41C21BDF10054414E /* PFLoginViewController.m */ = {isa = PBXFileReference; fileEncoding = 4; lastKnownFileType = sourcecode.c.objc; path = PFLoginViewController.m; sourceTree = "<group>"; };
		268BA1051C25A86C0054414E /* ProfileViewController.h */ = {isa = PBXFileReference; fileEncoding = 4; lastKnownFileType = sourcecode.c.h; path = ProfileViewController.h; sourceTree = "<group>"; };
		268BA1061C25A86C0054414E /* ProfileViewController.m */ = {isa = PBXFileReference; fileEncoding = 4; lastKnownFileType = sourcecode.c.objc; path = ProfileViewController.m; sourceTree = "<group>"; };
		268BA1081C25A8D60054414E /* PreferencesViewController.h */ = {isa = PBXFileReference; fileEncoding = 4; lastKnownFileType = sourcecode.c.h; path = PreferencesViewController.h; sourceTree = "<group>"; };
		268BA1091C25A8D60054414E /* PreferencesViewController.m */ = {isa = PBXFileReference; fileEncoding = 4; lastKnownFileType = sourcecode.c.objc; path = PreferencesViewController.m; sourceTree = "<group>"; };
		268BA10C1C25AFE10054414E /* UserData.h */ = {isa = PBXFileReference; fileEncoding = 4; lastKnownFileType = sourcecode.c.h; path = UserData.h; sourceTree = "<group>"; };
		268BA10D1C25AFE10054414E /* UserData.m */ = {isa = PBXFileReference; fileEncoding = 4; lastKnownFileType = sourcecode.c.objc; path = UserData.m; sourceTree = "<group>"; };
		268BA1101C26EFA70054414E /* InitialWalkThroughViewController.h */ = {isa = PBXFileReference; fileEncoding = 4; lastKnownFileType = sourcecode.c.h; path = InitialWalkThroughViewController.h; sourceTree = "<group>"; };
		268BA1111C26EFA70054414E /* InitialWalkThroughViewController.m */ = {isa = PBXFileReference; fileEncoding = 4; lastKnownFileType = sourcecode.c.objc; path = InitialWalkThroughViewController.m; sourceTree = "<group>"; };
		268BA1141C2737170054414E /* CVCell.h */ = {isa = PBXFileReference; fileEncoding = 4; lastKnownFileType = sourcecode.c.h; path = CVCell.h; sourceTree = "<group>"; };
		268BA1151C2737170054414E /* CVCell.m */ = {isa = PBXFileReference; fileEncoding = 4; lastKnownFileType = sourcecode.c.objc; path = CVCell.m; sourceTree = "<group>"; };
		26C1E3D51C3194B10020349A /* CoreLocation.framework */ = {isa = PBXFileReference; lastKnownFileType = wrapper.framework; name = CoreLocation.framework; path = System/Library/Frameworks/CoreLocation.framework; sourceTree = SDKROOT; };
		26C1E3D71C31AB590020349A /* MobileCoreServices.framework */ = {isa = PBXFileReference; lastKnownFileType = wrapper.framework; name = MobileCoreServices.framework; path = System/Library/Frameworks/MobileCoreServices.framework; sourceTree = SDKROOT; };
		26C6B36F1C5A88FE00F9EB72 /* SuggestionsViewController.h */ = {isa = PBXFileReference; fileEncoding = 4; lastKnownFileType = sourcecode.c.h; path = SuggestionsViewController.h; sourceTree = "<group>"; };
		26C6B3701C5A88FE00F9EB72 /* SuggestionsViewController.m */ = {isa = PBXFileReference; fileEncoding = 4; lastKnownFileType = sourcecode.c.objc; path = SuggestionsViewController.m; sourceTree = "<group>"; };
		26CC6A351C7CF31F000F3BAC /* UIColor+Pandemos.h */ = {isa = PBXFileReference; fileEncoding = 4; lastKnownFileType = sourcecode.c.h; path = "UIColor+Pandemos.h"; sourceTree = "<group>"; };
		26CC6A361C7CF31F000F3BAC /* UIColor+Pandemos.m */ = {isa = PBXFileReference; fileEncoding = 4; lastKnownFileType = sourcecode.c.objc; path = "UIColor+Pandemos.m"; sourceTree = "<group>"; };
		26CC6A381C7CF3E1000F3BAC /* PotentialMatch.h */ = {isa = PBXFileReference; fileEncoding = 4; lastKnownFileType = sourcecode.c.h; path = PotentialMatch.h; sourceTree = "<group>"; };
		26CC6A391C7CF3E1000F3BAC /* PotentialMatch.m */ = {isa = PBXFileReference; fileEncoding = 4; lastKnownFileType = sourcecode.c.objc; path = PotentialMatch.m; sourceTree = "<group>"; };
		26DBD03C1C4747B700944300 /* MessagingCell.h */ = {isa = PBXFileReference; fileEncoding = 4; lastKnownFileType = sourcecode.c.h; path = MessagingCell.h; sourceTree = "<group>"; };
		26DBD03D1C4747B700944300 /* MessagingCell.m */ = {isa = PBXFileReference; fileEncoding = 4; lastKnownFileType = sourcecode.c.objc; path = MessagingCell.m; sourceTree = "<group>"; };
		26DBD03F1C4748F700944300 /* MessageDetailViewCon.h */ = {isa = PBXFileReference; fileEncoding = 4; lastKnownFileType = sourcecode.c.h; path = MessageDetailViewCon.h; sourceTree = "<group>"; };
		26DBD0401C4748F700944300 /* MessageDetailViewCon.m */ = {isa = PBXFileReference; fileEncoding = 4; lastKnownFileType = sourcecode.c.objc; path = MessageDetailViewCon.m; sourceTree = "<group>"; };
		26DBD0421C47FDDC00944300 /* MessageDetailCell.h */ = {isa = PBXFileReference; fileEncoding = 4; lastKnownFileType = sourcecode.c.h; path = MessageDetailCell.h; sourceTree = "<group>"; };
		26DBD0431C47FDDC00944300 /* MessageDetailCell.m */ = {isa = PBXFileReference; fileEncoding = 4; lastKnownFileType = sourcecode.c.objc; path = MessageDetailCell.m; sourceTree = "<group>"; };
		26E3DB8B1C3F4EC700699FA5 /* MessagingViewController.h */ = {isa = PBXFileReference; fileEncoding = 4; lastKnownFileType = sourcecode.c.h; path = MessagingViewController.h; sourceTree = "<group>"; };
		26E3DB8C1C3F4EC700699FA5 /* MessagingViewController.m */ = {isa = PBXFileReference; fileEncoding = 4; lastKnownFileType = sourcecode.c.objc; path = MessagingViewController.m; sourceTree = "<group>"; };
		26EC33031C76AFF8009E821D /* FacebookData.h */ = {isa = PBXFileReference; fileEncoding = 4; lastKnownFileType = sourcecode.c.h; path = FacebookData.h; sourceTree = "<group>"; };
		26EC33041C76AFF8009E821D /* FacebookData.m */ = {isa = PBXFileReference; fileEncoding = 4; lastKnownFileType = sourcecode.c.objc; path = FacebookData.m; sourceTree = "<group>"; };
		26EE23991C42BD7D006F328E /* CVSettingCell.h */ = {isa = PBXFileReference; fileEncoding = 4; lastKnownFileType = sourcecode.c.h; path = CVSettingCell.h; sourceTree = "<group>"; };
		26EE239A1C42BD7D006F328E /* CVSettingCell.m */ = {isa = PBXFileReference; fileEncoding = 4; lastKnownFileType = sourcecode.c.objc; path = CVSettingCell.m; sourceTree = "<group>"; };
		26EE239C1C4446AB006F328E /* ChooseImageInitialViewController.h */ = {isa = PBXFileReference; fileEncoding = 4; lastKnownFileType = sourcecode.c.h; path = ChooseImageInitialViewController.h; sourceTree = "<group>"; };
		26EE239D1C4446AB006F328E /* ChooseImageInitialViewController.m */ = {isa = PBXFileReference; fileEncoding = 4; lastKnownFileType = sourcecode.c.objc; path = ChooseImageInitialViewController.m; sourceTree = "<group>"; };
		26EE239F1C453F47006F328E /* CVImageCell.h */ = {isa = PBXFileReference; fileEncoding = 4; lastKnownFileType = sourcecode.c.h; path = CVImageCell.h; sourceTree = "<group>"; };
		26EE23A01C453F47006F328E /* CVImageCell.m */ = {isa = PBXFileReference; fileEncoding = 4; lastKnownFileType = sourcecode.c.objc; path = CVImageCell.m; sourceTree = "<group>"; };
		B2B739D58087A908AFCE74CE /* Pods.release.xcconfig */ = {isa = PBXFileReference; includeInIndex = 1; lastKnownFileType = text.xcconfig; name = Pods.release.xcconfig; path = "Pods/Target Support Files/Pods/Pods.release.xcconfig"; sourceTree = "<group>"; };
		F2E7EAF390F8A69E1F0F90DF /* libPods.a */ = {isa = PBXFileReference; explicitFileType = archive.ar; includeInIndex = 0; path = libPods.a; sourceTree = BUILT_PRODUCTS_DIR; };
/* End PBXFileReference section */

/* Begin PBXFrameworksBuildPhase section */
		268BA0831C1DB53F0054414E /* Frameworks */ = {
			isa = PBXFrameworksBuildPhase;
			buildActionMask = 2147483647;
			files = (
				26C1E3D81C31AB590020349A /* MobileCoreServices.framework in Frameworks */,
				26C1E3D61C3194B10020349A /* CoreLocation.framework in Frameworks */,
				260799091C2B1C3500B364C8 /* MessageUI.framework in Frameworks */,
				B6D0576735DD6374DE9CF23F /* libPods.a in Frameworks */,
			);
			runOnlyForDeploymentPostprocessing = 0;
		};
		268BA09C1C1DB53F0054414E /* Frameworks */ = {
			isa = PBXFrameworksBuildPhase;
			buildActionMask = 2147483647;
			files = (
			);
			runOnlyForDeploymentPostprocessing = 0;
		};
		268BA0A71C1DB53F0054414E /* Frameworks */ = {
			isa = PBXFrameworksBuildPhase;
			buildActionMask = 2147483647;
			files = (
			);
			runOnlyForDeploymentPostprocessing = 0;
		};
/* End PBXFrameworksBuildPhase section */

/* Begin PBXGroup section */
		268BA07D1C1DB53F0054414E = {
			isa = PBXGroup;
			children = (
				268BA0881C1DB53F0054414E /* Pandemos */,
				268BA0A21C1DB53F0054414E /* PandemosTests */,
				268BA0AD1C1DB53F0054414E /* PandemosUITests */,
				268BA0871C1DB53F0054414E /* Products */,
				DE605C66A38913E362D6591E /* Pods */,
				282E72BB57D54B2C001EC42F /* Frameworks */,
			);
			sourceTree = "<group>";
		};
		268BA0871C1DB53F0054414E /* Products */ = {
			isa = PBXGroup;
			children = (
				268BA0861C1DB53F0054414E /* Pandemos.app */,
				268BA09F1C1DB53F0054414E /* PandemosTests.xctest */,
				268BA0AA1C1DB53F0054414E /* PandemosUITests.xctest */,
			);
			name = Products;
			sourceTree = "<group>";
		};
		268BA0881C1DB53F0054414E /* Pandemos */ = {
			isa = PBXGroup;
			children = (
				268BA0921C1DB53F0054414E /* Main.storyboard */,
				268BA08C1C1DB53F0054414E /* AppDelegate.h */,
				268BA08D1C1DB53F0054414E /* AppDelegate.m */,
				268BA1131C26EFBD0054414E /* Initial Setup VCs */,
				268BA10B1C25A8F00054414E /* Controllers */,
				268BA10F1C25AFE60054414E /* Class */,
				268BA0951C1DB53F0054414E /* Assets.xcassets */,
				268BA0971C1DB53F0054414E /* LaunchScreen.storyboard */,
				268BA09A1C1DB53F0054414E /* Info.plist */,
				26CC6A341C7CF2DB000F3BAC /* Helpers */,
				268BA0891C1DB53F0054414E /* Supporting Files */,
			);
			path = Pandemos;
			sourceTree = "<group>";
		};
		268BA0891C1DB53F0054414E /* Supporting Files */ = {
			isa = PBXGroup;
			children = (
				268BA08A1C1DB53F0054414E /* main.m */,
			);
			name = "Supporting Files";
			sourceTree = "<group>";
		};
		268BA0A21C1DB53F0054414E /* PandemosTests */ = {
			isa = PBXGroup;
			children = (
				268BA0A31C1DB53F0054414E /* PandemosTests.m */,
				268BA0A51C1DB53F0054414E /* Info.plist */,
			);
			path = PandemosTests;
			sourceTree = "<group>";
		};
		268BA0AD1C1DB53F0054414E /* PandemosUITests */ = {
			isa = PBXGroup;
			children = (
				268BA0AE1C1DB53F0054414E /* PandemosUITests.m */,
				268BA0B01C1DB53F0054414E /* Info.plist */,
			);
			path = PandemosUITests;
			sourceTree = "<group>";
		};
		268BA10B1C25A8F00054414E /* Controllers */ = {
			isa = PBXGroup;
			children = (
				26F22BF31C6FAEFF00D86343 /* Messaging */,
				26F22BF21C6FAEF000D86343 /* Preferences */,
				26F22BF41C6FAF0E00D86343 /* Matches */,
			);
			name = Controllers;
			sourceTree = "<group>";
		};
		268BA10F1C25AFE60054414E /* Class */ = {
			isa = PBXGroup;
			children = (
				268BA10C1C25AFE10054414E /* UserData.h */,
				268BA10D1C25AFE10054414E /* UserData.m */,
				26CC6A381C7CF3E1000F3BAC /* PotentialMatch.h */,
				26CC6A391C7CF3E1000F3BAC /* PotentialMatch.m */,
				26EC33031C76AFF8009E821D /* FacebookData.h */,
				26EC33041C76AFF8009E821D /* FacebookData.m */,
				26F22BEF1C6FADC200D86343 /* CollectionView Cells */,
				26F22BF01C6FADE300D86343 /* TableView Cells */,
				26F22BF11C6FAE2000D86343 /* Third Party Helpers */,
			);
			name = Class;
			sourceTree = "<group>";
		};
		268BA1131C26EFBD0054414E /* Initial Setup VCs */ = {
			isa = PBXGroup;
			children = (
				26F22BEE1C6FAD9300D86343 /* ConfidantEmail */,
				26F22BED1C6FAD8300D86343 /* AboutMeSuggestions */,
				26F22BEB1C6FAD2800D86343 /* MainFilters */,
				26F22BEC1C6FAD7000D86343 /* FacebookLogin */,
			);
			name = "Initial Setup VCs";
			sourceTree = "<group>";
		};
		26CC6A341C7CF2DB000F3BAC /* Helpers */ = {
			isa = PBXGroup;
			children = (
				26CC6A351C7CF31F000F3BAC /* UIColor+Pandemos.h */,
				26CC6A361C7CF31F000F3BAC /* UIColor+Pandemos.m */,
			);
			name = Helpers;
			sourceTree = "<group>";
		};
		26F22BEB1C6FAD2800D86343 /* MainFilters */ = {
			isa = PBXGroup;
			children = (
				266F23E61C5DA75A00A34C0B /* FacebookDetailViewController.h */,
				266F23E71C5DA75A00A34C0B /* FacebookDetailViewController.m */,
				266F23E01C5DA1B300A34C0B /* FacebookAlbumsTableVC.h */,
				266F23E11C5DA1B300A34C0B /* FacebookAlbumsTableVC.m */,
				2664514E1C5D007B00D98136 /* AddMoreImagesViewController.h */,
				2664514F1C5D007B00D98136 /* AddMoreImagesViewController.m */,
				26EE239C1C4446AB006F328E /* ChooseImageInitialViewController.h */,
				26EE239D1C4446AB006F328E /* ChooseImageInitialViewController.m */,
				268BA1101C26EFA70054414E /* InitialWalkThroughViewController.h */,
				268BA1111C26EFA70054414E /* InitialWalkThroughViewController.m */,
			);
			name = MainFilters;
			sourceTree = "<group>";
		};
		26F22BEC1C6FAD7000D86343 /* FacebookLogin */ = {
			isa = PBXGroup;
			children = (
				268BA0C31C21BDF10054414E /* PFLoginViewController.h */,
				268BA0C41C21BDF10054414E /* PFLoginViewController.m */,
			);
			name = FacebookLogin;
			sourceTree = "<group>";
		};
		26F22BED1C6FAD8300D86343 /* AboutMeSuggestions */ = {
			isa = PBXGroup;
			children = (
				26C6B36F1C5A88FE00F9EB72 /* SuggestionsViewController.h */,
				26C6B3701C5A88FE00F9EB72 /* SuggestionsViewController.m */,
			);
			name = AboutMeSuggestions;
			sourceTree = "<group>";
		};
		26F22BEE1C6FAD9300D86343 /* ConfidantEmail */ = {
			isa = PBXGroup;
			children = (
				2688C23D1C51D44800F100AA /* FriendEmailViewController.h */,
				2688C23E1C51D44800F100AA /* FriendEmailViewController.m */,
			);
			name = ConfidantEmail;
			sourceTree = "<group>";
		};
		26F22BEF1C6FADC200D86343 /* CollectionView Cells */ = {
			isa = PBXGroup;
			children = (
				266F23E91C5DB3DF00A34C0B /* FacebookCVCell.h */,
				266F23EA1C5DB3DF00A34C0B /* FacebookCVCell.m */,
				26DBD0421C47FDDC00944300 /* MessageDetailCell.h */,
				26DBD0431C47FDDC00944300 /* MessageDetailCell.m */,
				266451541C5D424300D98136 /* SwapImagesCV.h */,
				266451551C5D424300D98136 /* SwapImagesCV.m */,
				266451511C5D058C00D98136 /* AddImageCell.h */,
				266451521C5D058C00D98136 /* AddImageCell.m */,
				268BA1141C2737170054414E /* CVCell.h */,
				268BA1151C2737170054414E /* CVCell.m */,
				26EE23991C42BD7D006F328E /* CVSettingCell.h */,
				26EE239A1C42BD7D006F328E /* CVSettingCell.m */,
				26EE239F1C453F47006F328E /* CVImageCell.h */,
				26EE23A01C453F47006F328E /* CVImageCell.m */,
			);
			name = "CollectionView Cells";
			sourceTree = "<group>";
		};
		26F22BF01C6FADE300D86343 /* TableView Cells */ = {
			isa = PBXGroup;
			children = (
				266F23E31C5DA24F00A34C0B /* FacebookTableViewCell.h */,
				266F23E41C5DA24F00A34C0B /* FacebookTableViewCell.m */,
				26DBD03C1C4747B700944300 /* MessagingCell.h */,
				26DBD03D1C4747B700944300 /* MessagingCell.m */,
				266451571C5D78CB00D98136 /* AlbumCustomCell.h */,
				266451581C5D78CB00D98136 /* AlbumCustomCell.m */,
			);
			name = "TableView Cells";
			sourceTree = "<group>";
		};
		26F22BF11C6FAE2000D86343 /* Third Party Helpers */ = {
			isa = PBXGroup;
			children = (
				260799051C29CB4600B364C8 /* RangeSlider.h */,
				260799061C29CB4600B364C8 /* RangeSlider.m */,
			);
			name = "Third Party Helpers";
			sourceTree = "<group>";
		};
		26F22BF21C6FAEF000D86343 /* Preferences */ = {
			isa = PBXGroup;
			children = (
				260AE8881C640BA80075A6B1 /* AddImageToProfileVC.h */,
				260AE8891C640BA80075A6B1 /* AddImageToProfileVC.m */,
				2664515A1C5D7E2900D98136 /* AlbumDetailCollectionVC.h */,
				2664515B1C5D7E2900D98136 /* AlbumDetailCollectionVC.m */,
				266F23EC1C60498200A34C0B /* PreviewUserProfileVC.h */,
				266F23ED1C60498300A34C0B /* PreviewUserProfileVC.m */,
				268BA1081C25A8D60054414E /* PreferencesViewController.h */,
				268BA1091C25A8D60054414E /* PreferencesViewController.m */,
				268BA1051C25A86C0054414E /* ProfileViewController.h */,
				268BA1061C25A86C0054414E /* ProfileViewController.m */,
			);
			name = Preferences;
			sourceTree = "<group>";
		};
		26F22BF31C6FAEFF00D86343 /* Messaging */ = {
			isa = PBXGroup;
			children = (
				26DBD03F1C4748F700944300 /* MessageDetailViewCon.h */,
				26DBD0401C4748F700944300 /* MessageDetailViewCon.m */,
				26E3DB8B1C3F4EC700699FA5 /* MessagingViewController.h */,
				26E3DB8C1C3F4EC700699FA5 /* MessagingViewController.m */,
			);
			name = Messaging;
			sourceTree = "<group>";
		};
		26F22BF41C6FAF0E00D86343 /* Matches */ = {
			isa = PBXGroup;
			children = (
				268BA08F1C1DB53F0054414E /* ViewController.h */,
				268BA0901C1DB53F0054414E /* ViewController.m */,
			);
			name = Matches;
			sourceTree = "<group>";
		};
		282E72BB57D54B2C001EC42F /* Frameworks */ = {
			isa = PBXGroup;
			children = (
				26C1E3D71C31AB590020349A /* MobileCoreServices.framework */,
				26C1E3D51C3194B10020349A /* CoreLocation.framework */,
				260799081C2B1C3500B364C8 /* MessageUI.framework */,
				F2E7EAF390F8A69E1F0F90DF /* libPods.a */,
			);
			name = Frameworks;
			sourceTree = "<group>";
		};
		DE605C66A38913E362D6591E /* Pods */ = {
			isa = PBXGroup;
			children = (
				06C994192A4EB211C11A44D2 /* Pods.debug.xcconfig */,
				B2B739D58087A908AFCE74CE /* Pods.release.xcconfig */,
			);
			name = Pods;
			sourceTree = "<group>";
		};
/* End PBXGroup section */

/* Begin PBXNativeTarget section */
		268BA0851C1DB53F0054414E /* Pandemos */ = {
			isa = PBXNativeTarget;
			buildConfigurationList = 268BA0B31C1DB53F0054414E /* Build configuration list for PBXNativeTarget "Pandemos" */;
			buildPhases = (
				5DE8DCE8AC1C4C6C3C74DA97 /* Check Pods Manifest.lock */,
				268BA0821C1DB53F0054414E /* Sources */,
				268BA0831C1DB53F0054414E /* Frameworks */,
				268BA0841C1DB53F0054414E /* Resources */,
				F9258A90ECBD351A1FFA8076 /* Embed Pods Frameworks */,
				136BD1AC535B607E116B3AE6 /* Copy Pods Resources */,
			);
			buildRules = (
			);
			dependencies = (
			);
			name = Pandemos;
			productName = Pandemos;
			productReference = 268BA0861C1DB53F0054414E /* Pandemos.app */;
			productType = "com.apple.product-type.application";
		};
		268BA09E1C1DB53F0054414E /* PandemosTests */ = {
			isa = PBXNativeTarget;
			buildConfigurationList = 268BA0B61C1DB53F0054414E /* Build configuration list for PBXNativeTarget "PandemosTests" */;
			buildPhases = (
				268BA09B1C1DB53F0054414E /* Sources */,
				268BA09C1C1DB53F0054414E /* Frameworks */,
				268BA09D1C1DB53F0054414E /* Resources */,
			);
			buildRules = (
			);
			dependencies = (
				268BA0A11C1DB53F0054414E /* PBXTargetDependency */,
			);
			name = PandemosTests;
			productName = PandemosTests;
			productReference = 268BA09F1C1DB53F0054414E /* PandemosTests.xctest */;
			productType = "com.apple.product-type.bundle.unit-test";
		};
		268BA0A91C1DB53F0054414E /* PandemosUITests */ = {
			isa = PBXNativeTarget;
			buildConfigurationList = 268BA0B91C1DB53F0054414E /* Build configuration list for PBXNativeTarget "PandemosUITests" */;
			buildPhases = (
				268BA0A61C1DB53F0054414E /* Sources */,
				268BA0A71C1DB53F0054414E /* Frameworks */,
				268BA0A81C1DB53F0054414E /* Resources */,
			);
			buildRules = (
			);
			dependencies = (
				268BA0AC1C1DB53F0054414E /* PBXTargetDependency */,
			);
			name = PandemosUITests;
			productName = PandemosUITests;
			productReference = 268BA0AA1C1DB53F0054414E /* PandemosUITests.xctest */;
			productType = "com.apple.product-type.bundle.ui-testing";
		};
/* End PBXNativeTarget section */

/* Begin PBXProject section */
		268BA07E1C1DB53F0054414E /* Project object */ = {
			isa = PBXProject;
			attributes = {
				LastUpgradeCheck = 0720;
				ORGANIZATIONNAME = "Michael Sevy";
				TargetAttributes = {
					268BA0851C1DB53F0054414E = {
						CreatedOnToolsVersion = 7.2;
						DevelopmentTeam = TKVBVK4237;
					};
					268BA09E1C1DB53F0054414E = {
						CreatedOnToolsVersion = 7.2;
						DevelopmentTeam = TKVBVK4237;
						TestTargetID = 268BA0851C1DB53F0054414E;
					};
					268BA0A91C1DB53F0054414E = {
						CreatedOnToolsVersion = 7.2;
						DevelopmentTeam = TKVBVK4237;
						TestTargetID = 268BA0851C1DB53F0054414E;
					};
				};
			};
			buildConfigurationList = 268BA0811C1DB53F0054414E /* Build configuration list for PBXProject "Pandemos" */;
			compatibilityVersion = "Xcode 3.2";
			developmentRegion = English;
			hasScannedForEncodings = 0;
			knownRegions = (
				en,
				Base,
			);
			mainGroup = 268BA07D1C1DB53F0054414E;
			productRefGroup = 268BA0871C1DB53F0054414E /* Products */;
			projectDirPath = "";
			projectRoot = "";
			targets = (
				268BA0851C1DB53F0054414E /* Pandemos */,
				268BA09E1C1DB53F0054414E /* PandemosTests */,
				268BA0A91C1DB53F0054414E /* PandemosUITests */,
			);
		};
/* End PBXProject section */

/* Begin PBXResourcesBuildPhase section */
		268BA0841C1DB53F0054414E /* Resources */ = {
			isa = PBXResourcesBuildPhase;
			buildActionMask = 2147483647;
			files = (
				268BA0991C1DB53F0054414E /* LaunchScreen.storyboard in Resources */,
				268BA0961C1DB53F0054414E /* Assets.xcassets in Resources */,
				268BA0941C1DB53F0054414E /* Main.storyboard in Resources */,
			);
			runOnlyForDeploymentPostprocessing = 0;
		};
		268BA09D1C1DB53F0054414E /* Resources */ = {
			isa = PBXResourcesBuildPhase;
			buildActionMask = 2147483647;
			files = (
			);
			runOnlyForDeploymentPostprocessing = 0;
		};
		268BA0A81C1DB53F0054414E /* Resources */ = {
			isa = PBXResourcesBuildPhase;
			buildActionMask = 2147483647;
			files = (
			);
			runOnlyForDeploymentPostprocessing = 0;
		};
/* End PBXResourcesBuildPhase section */

/* Begin PBXShellScriptBuildPhase section */
		136BD1AC535B607E116B3AE6 /* Copy Pods Resources */ = {
			isa = PBXShellScriptBuildPhase;
			buildActionMask = 2147483647;
			files = (
			);
			inputPaths = (
			);
			name = "Copy Pods Resources";
			outputPaths = (
			);
			runOnlyForDeploymentPostprocessing = 0;
			shellPath = /bin/sh;
			shellScript = "\"${SRCROOT}/Pods/Target Support Files/Pods/Pods-resources.sh\"\n";
			showEnvVarsInLog = 0;
		};
		5DE8DCE8AC1C4C6C3C74DA97 /* Check Pods Manifest.lock */ = {
			isa = PBXShellScriptBuildPhase;
			buildActionMask = 2147483647;
			files = (
			);
			inputPaths = (
			);
			name = "Check Pods Manifest.lock";
			outputPaths = (
			);
			runOnlyForDeploymentPostprocessing = 0;
			shellPath = /bin/sh;
			shellScript = "diff \"${PODS_ROOT}/../Podfile.lock\" \"${PODS_ROOT}/Manifest.lock\" > /dev/null\nif [[ $? != 0 ]] ; then\n    cat << EOM\nerror: The sandbox is not in sync with the Podfile.lock. Run 'pod install' or update your CocoaPods installation.\nEOM\n    exit 1\nfi\n";
			showEnvVarsInLog = 0;
		};
		F9258A90ECBD351A1FFA8076 /* Embed Pods Frameworks */ = {
			isa = PBXShellScriptBuildPhase;
			buildActionMask = 2147483647;
			files = (
			);
			inputPaths = (
			);
			name = "Embed Pods Frameworks";
			outputPaths = (
			);
			runOnlyForDeploymentPostprocessing = 0;
			shellPath = /bin/sh;
			shellScript = "\"${SRCROOT}/Pods/Target Support Files/Pods/Pods-frameworks.sh\"\n";
			showEnvVarsInLog = 0;
		};
/* End PBXShellScriptBuildPhase section */

/* Begin PBXSourcesBuildPhase section */
		268BA0821C1DB53F0054414E /* Sources */ = {
			isa = PBXSourcesBuildPhase;
			buildActionMask = 2147483647;
			files = (
				260799071C29CB4600B364C8 /* RangeSlider.m in Sources */,
				26DBD0441C47FDDC00944300 /* MessageDetailCell.m in Sources */,
				26EE239B1C42BD7D006F328E /* CVSettingCell.m in Sources */,
				26E3DB8D1C3F4EC700699FA5 /* MessagingViewController.m in Sources */,
				26EE239E1C4446AB006F328E /* ChooseImageInitialViewController.m in Sources */,
				2664515C1C5D7E2900D98136 /* AlbumDetailCollectionVC.m in Sources */,
				266F23EB1C5DB3DF00A34C0B /* FacebookCVCell.m in Sources */,
				26DBD0411C4748F700944300 /* MessageDetailViewCon.m in Sources */,
				26EC33051C76AFF8009E821D /* FacebookData.m in Sources */,
				268BA0C51C21BDF10054414E /* PFLoginViewController.m in Sources */,
				26DBD03E1C4747B700944300 /* MessagingCell.m in Sources */,
				266451591C5D78CB00D98136 /* AlbumCustomCell.m in Sources */,
				26CC6A371C7CF31F000F3BAC /* UIColor+Pandemos.m in Sources */,
				260AE88A1C640BA80075A6B1 /* AddImageToProfileVC.m in Sources */,
				268BA0911C1DB53F0054414E /* ViewController.m in Sources */,
				268BA10E1C25AFE10054414E /* UserData.m in Sources */,
				268BA08E1C1DB53F0054414E /* AppDelegate.m in Sources */,
				2688C23F1C51D44800F100AA /* FriendEmailViewController.m in Sources */,
				26EE23A11C453F47006F328E /* CVImageCell.m in Sources */,
				266F23E21C5DA1B300A34C0B /* FacebookAlbumsTableVC.m in Sources */,
				266451501C5D007B00D98136 /* AddMoreImagesViewController.m in Sources */,
				268BA10A1C25A8D60054414E /* PreferencesViewController.m in Sources */,
				268BA1161C2737170054414E /* CVCell.m in Sources */,
				266F23E51C5DA24F00A34C0B /* FacebookTableViewCell.m in Sources */,
				268BA08B1C1DB53F0054414E /* main.m in Sources */,
				266451561C5D424300D98136 /* SwapImagesCV.m in Sources */,
				266F23EE1C60498300A34C0B /* PreviewUserProfileVC.m in Sources */,
				266F23E81C5DA75A00A34C0B /* FacebookDetailViewController.m in Sources */,
				26CC6A3A1C7CF3E1000F3BAC /* PotentialMatch.m in Sources */,
				268BA1121C26EFA70054414E /* InitialWalkThroughViewController.m in Sources */,
				26C6B3711C5A88FE00F9EB72 /* SuggestionsViewController.m in Sources */,
				268BA1071C25A86C0054414E /* ProfileViewController.m in Sources */,
				266451531C5D058C00D98136 /* AddImageCell.m in Sources */,
			);
			runOnlyForDeploymentPostprocessing = 0;
		};
		268BA09B1C1DB53F0054414E /* Sources */ = {
			isa = PBXSourcesBuildPhase;
			buildActionMask = 2147483647;
			files = (
				268BA0A41C1DB53F0054414E /* PandemosTests.m in Sources */,
			);
			runOnlyForDeploymentPostprocessing = 0;
		};
		268BA0A61C1DB53F0054414E /* Sources */ = {
			isa = PBXSourcesBuildPhase;
			buildActionMask = 2147483647;
			files = (
				268BA0AF1C1DB53F0054414E /* PandemosUITests.m in Sources */,
			);
			runOnlyForDeploymentPostprocessing = 0;
		};
/* End PBXSourcesBuildPhase section */

/* Begin PBXTargetDependency section */
		268BA0A11C1DB53F0054414E /* PBXTargetDependency */ = {
			isa = PBXTargetDependency;
			target = 268BA0851C1DB53F0054414E /* Pandemos */;
			targetProxy = 268BA0A01C1DB53F0054414E /* PBXContainerItemProxy */;
		};
		268BA0AC1C1DB53F0054414E /* PBXTargetDependency */ = {
			isa = PBXTargetDependency;
			target = 268BA0851C1DB53F0054414E /* Pandemos */;
			targetProxy = 268BA0AB1C1DB53F0054414E /* PBXContainerItemProxy */;
		};
/* End PBXTargetDependency section */

/* Begin PBXVariantGroup section */
		268BA0921C1DB53F0054414E /* Main.storyboard */ = {
			isa = PBXVariantGroup;
			children = (
				268BA0931C1DB53F0054414E /* Base */,
			);
			name = Main.storyboard;
			sourceTree = "<group>";
		};
		268BA0971C1DB53F0054414E /* LaunchScreen.storyboard */ = {
			isa = PBXVariantGroup;
			children = (
				268BA0981C1DB53F0054414E /* Base */,
			);
			name = LaunchScreen.storyboard;
			sourceTree = "<group>";
		};
/* End PBXVariantGroup section */

/* Begin XCBuildConfiguration section */
		268BA0B11C1DB53F0054414E /* Debug */ = {
			isa = XCBuildConfiguration;
			buildSettings = {
				ALWAYS_SEARCH_USER_PATHS = NO;
				CLANG_CXX_LANGUAGE_STANDARD = "gnu++0x";
				CLANG_CXX_LIBRARY = "libc++";
				CLANG_ENABLE_MODULES = YES;
				CLANG_ENABLE_OBJC_ARC = YES;
				CLANG_WARN_BOOL_CONVERSION = YES;
				CLANG_WARN_CONSTANT_CONVERSION = YES;
				CLANG_WARN_DIRECT_OBJC_ISA_USAGE = YES_ERROR;
				CLANG_WARN_EMPTY_BODY = YES;
				CLANG_WARN_ENUM_CONVERSION = YES;
				CLANG_WARN_INT_CONVERSION = YES;
				CLANG_WARN_OBJC_ROOT_CLASS = YES_ERROR;
				CLANG_WARN_UNREACHABLE_CODE = YES;
				CLANG_WARN__DUPLICATE_METHOD_MATCH = YES;
				"CODE_SIGN_IDENTITY[sdk=iphoneos*]" = "iPhone Developer";
				COPY_PHASE_STRIP = NO;
				DEBUG_INFORMATION_FORMAT = dwarf;
				ENABLE_STRICT_OBJC_MSGSEND = YES;
				ENABLE_TESTABILITY = YES;
				GCC_C_LANGUAGE_STANDARD = gnu99;
				GCC_DYNAMIC_NO_PIC = NO;
				GCC_NO_COMMON_BLOCKS = YES;
				GCC_OPTIMIZATION_LEVEL = 0;
				GCC_PREPROCESSOR_DEFINITIONS = (
					"DEBUG=1",
					"$(inherited)",
				);
				GCC_WARN_64_TO_32_BIT_CONVERSION = YES;
				GCC_WARN_ABOUT_RETURN_TYPE = YES_ERROR;
				GCC_WARN_UNDECLARED_SELECTOR = YES;
				GCC_WARN_UNINITIALIZED_AUTOS = YES_AGGRESSIVE;
				GCC_WARN_UNUSED_FUNCTION = YES;
				GCC_WARN_UNUSED_VARIABLE = YES;
				IPHONEOS_DEPLOYMENT_TARGET = 9.2;
				MTL_ENABLE_DEBUG_INFO = YES;
				ONLY_ACTIVE_ARCH = YES;
				SDKROOT = iphoneos;
			};
			name = Debug;
		};
		268BA0B21C1DB53F0054414E /* Release */ = {
			isa = XCBuildConfiguration;
			buildSettings = {
				ALWAYS_SEARCH_USER_PATHS = NO;
				CLANG_CXX_LANGUAGE_STANDARD = "gnu++0x";
				CLANG_CXX_LIBRARY = "libc++";
				CLANG_ENABLE_MODULES = YES;
				CLANG_ENABLE_OBJC_ARC = YES;
				CLANG_WARN_BOOL_CONVERSION = YES;
				CLANG_WARN_CONSTANT_CONVERSION = YES;
				CLANG_WARN_DIRECT_OBJC_ISA_USAGE = YES_ERROR;
				CLANG_WARN_EMPTY_BODY = YES;
				CLANG_WARN_ENUM_CONVERSION = YES;
				CLANG_WARN_INT_CONVERSION = YES;
				CLANG_WARN_OBJC_ROOT_CLASS = YES_ERROR;
				CLANG_WARN_UNREACHABLE_CODE = YES;
				CLANG_WARN__DUPLICATE_METHOD_MATCH = YES;
				"CODE_SIGN_IDENTITY[sdk=iphoneos*]" = "iPhone Developer";
				COPY_PHASE_STRIP = NO;
				DEBUG_INFORMATION_FORMAT = "dwarf-with-dsym";
				ENABLE_NS_ASSERTIONS = NO;
				ENABLE_STRICT_OBJC_MSGSEND = YES;
				GCC_C_LANGUAGE_STANDARD = gnu99;
				GCC_NO_COMMON_BLOCKS = YES;
				GCC_WARN_64_TO_32_BIT_CONVERSION = YES;
				GCC_WARN_ABOUT_RETURN_TYPE = YES_ERROR;
				GCC_WARN_UNDECLARED_SELECTOR = YES;
				GCC_WARN_UNINITIALIZED_AUTOS = YES_AGGRESSIVE;
				GCC_WARN_UNUSED_FUNCTION = YES;
				GCC_WARN_UNUSED_VARIABLE = YES;
				IPHONEOS_DEPLOYMENT_TARGET = 9.2;
				MTL_ENABLE_DEBUG_INFO = NO;
				SDKROOT = iphoneos;
				VALIDATE_PRODUCT = YES;
			};
			name = Release;
		};
		268BA0B41C1DB53F0054414E /* Debug */ = {
			isa = XCBuildConfiguration;
			baseConfigurationReference = 06C994192A4EB211C11A44D2 /* Pods.debug.xcconfig */;
			buildSettings = {
				ASSETCATALOG_COMPILER_APPICON_NAME = AppIcon;
				FRAMEWORK_SEARCH_PATHS = (
					"$(inherited)",
					"$(PROJECT_DIR)",
				);
				INFOPLIST_FILE = Pandemos/Info.plist;
				LD_RUNPATH_SEARCH_PATHS = "$(inherited) @executable_path/Frameworks";
				New_Setting = "";
				PRODUCT_BUNDLE_IDENTIFIER = Sevy.Pandemos;
				PRODUCT_NAME = "$(TARGET_NAME)";
			};
			name = Debug;
		};
		268BA0B51C1DB53F0054414E /* Release */ = {
			isa = XCBuildConfiguration;
			baseConfigurationReference = B2B739D58087A908AFCE74CE /* Pods.release.xcconfig */;
			buildSettings = {
				ASSETCATALOG_COMPILER_APPICON_NAME = AppIcon;
				FRAMEWORK_SEARCH_PATHS = (
					"$(inherited)",
					"$(PROJECT_DIR)",
				);
				"FRAMEWORK_SEARCH_PATHS[arch=*]" = "/Users/{username}/Documents/FacebookSDK";
				INFOPLIST_FILE = Pandemos/Info.plist;
				LD_RUNPATH_SEARCH_PATHS = "$(inherited) @executable_path/Frameworks";
				New_Setting = "";
				PRODUCT_BUNDLE_IDENTIFIER = Sevy.Pandemos;
				PRODUCT_NAME = "$(TARGET_NAME)";
			};
			name = Release;
		};
		268BA0B71C1DB53F0054414E /* Debug */ = {
			isa = XCBuildConfiguration;
			buildSettings = {
				BUNDLE_LOADER = "$(TEST_HOST)";
				INFOPLIST_FILE = PandemosTests/Info.plist;
				LD_RUNPATH_SEARCH_PATHS = "$(inherited) @executable_path/Frameworks @loader_path/Frameworks";
				PRODUCT_BUNDLE_IDENTIFIER = Sevy.PandemosTests;
				PRODUCT_NAME = "$(TARGET_NAME)";
				TEST_HOST = "$(BUILT_PRODUCTS_DIR)/Pandemos.app/Pandemos";
			};
			name = Debug;
		};
		268BA0B81C1DB53F0054414E /* Release */ = {
			isa = XCBuildConfiguration;
			buildSettings = {
				BUNDLE_LOADER = "$(TEST_HOST)";
				INFOPLIST_FILE = PandemosTests/Info.plist;
				LD_RUNPATH_SEARCH_PATHS = "$(inherited) @executable_path/Frameworks @loader_path/Frameworks";
				PRODUCT_BUNDLE_IDENTIFIER = Sevy.PandemosTests;
				PRODUCT_NAME = "$(TARGET_NAME)";
				TEST_HOST = "$(BUILT_PRODUCTS_DIR)/Pandemos.app/Pandemos";
			};
			name = Release;
		};
		268BA0BA1C1DB53F0054414E /* Debug */ = {
			isa = XCBuildConfiguration;
			buildSettings = {
				INFOPLIST_FILE = PandemosUITests/Info.plist;
				LD_RUNPATH_SEARCH_PATHS = "$(inherited) @executable_path/Frameworks @loader_path/Frameworks";
				PRODUCT_BUNDLE_IDENTIFIER = Sevy.PandemosUITests;
				PRODUCT_NAME = "$(TARGET_NAME)";
				TEST_TARGET_NAME = Pandemos;
				USES_XCTRUNNER = YES;
			};
			name = Debug;
		};
		268BA0BB1C1DB53F0054414E /* Release */ = {
			isa = XCBuildConfiguration;
			buildSettings = {
				INFOPLIST_FILE = PandemosUITests/Info.plist;
				LD_RUNPATH_SEARCH_PATHS = "$(inherited) @executable_path/Frameworks @loader_path/Frameworks";
				PRODUCT_BUNDLE_IDENTIFIER = Sevy.PandemosUITests;
				PRODUCT_NAME = "$(TARGET_NAME)";
				TEST_TARGET_NAME = Pandemos;
				USES_XCTRUNNER = YES;
			};
			name = Release;
		};
/* End XCBuildConfiguration section */

/* Begin XCConfigurationList section */
		268BA0811C1DB53F0054414E /* Build configuration list for PBXProject "Pandemos" */ = {
			isa = XCConfigurationList;
			buildConfigurations = (
				268BA0B11C1DB53F0054414E /* Debug */,
				268BA0B21C1DB53F0054414E /* Release */,
			);
			defaultConfigurationIsVisible = 0;
			defaultConfigurationName = Release;
		};
		268BA0B31C1DB53F0054414E /* Build configuration list for PBXNativeTarget "Pandemos" */ = {
			isa = XCConfigurationList;
			buildConfigurations = (
				268BA0B41C1DB53F0054414E /* Debug */,
				268BA0B51C1DB53F0054414E /* Release */,
			);
			defaultConfigurationIsVisible = 0;
			defaultConfigurationName = Release;
		};
		268BA0B61C1DB53F0054414E /* Build configuration list for PBXNativeTarget "PandemosTests" */ = {
			isa = XCConfigurationList;
			buildConfigurations = (
				268BA0B71C1DB53F0054414E /* Debug */,
				268BA0B81C1DB53F0054414E /* Release */,
			);
			defaultConfigurationIsVisible = 0;
			defaultConfigurationName = Release;
		};
		268BA0B91C1DB53F0054414E /* Build configuration list for PBXNativeTarget "PandemosUITests" */ = {
			isa = XCConfigurationList;
			buildConfigurations = (
				268BA0BA1C1DB53F0054414E /* Debug */,
				268BA0BB1C1DB53F0054414E /* Release */,
			);
			defaultConfigurationIsVisible = 0;
			defaultConfigurationName = Release;
		};
/* End XCConfigurationList section */
	};
	rootObject = 268BA07E1C1DB53F0054414E /* Project object */;
}
